
Microsoft Visual Studio Solution File, Format Version 12.00
# Visual Studio Version 17
VisualStudioVersion = 17.8.34309.116
MinimumVisualStudioVersion = 10.0.40219.1
Project("{FAE04EC0-301F-11D3-BF4B-00C04F79EFBC}") = "Command", "Command\Command.csproj", "{F07D1B17-0A5E-40FD-A21D-7105AB10B87E}"
EndProject
Global
	GlobalSection(SolutionConfigurationPlatforms) = preSolution
		Debug|Any CPU = Debug|Any CPU
		Release|Any CPU = Release|Any CPU
	EndGlobalSection
	GlobalSection(ProjectConfigurationPlatforms) = postSolution
		{F07D1B17-0A5E-40FD-A21D-7105AB10B87E}.Debug|Any CPU.ActiveCfg = Debug|Any CPU
		{F07D1B17-0A5E-40FD-A21D-7105AB10B87E}.Debug|Any CPU.Build.0 = Debug|Any CPU
		{F07D1B17-0A5E-40FD-A21D-7105AB10B87E}.Release|Any CPU.ActiveCfg = Release|Any CPU
		{F07D1B17-0A5E-40FD-A21D-7105AB10B87E}.Release|Any CPU.Build.0 = Release|Any CPU
	EndGlobalSection
	GlobalSection(SolutionProperties) = preSolution
		HideSolutionNode = FALSE
	EndGlobalSection
	GlobalSection(ExtensibilityGlobals) = postSolution
		SolutionGuid = {350AF708-AFA2-46AE-96C5-0DD7FCC1E84F}
	EndGlobalSection
EndGlobal
